
Microsoft Visual Studio Solution File, Format Version 12.00
# Visual Studio Version 17
VisualStudioVersion = 17.5.33424.131
MinimumVisualStudioVersion = 10.0.40219.1
Project("{8BC9CEB8-8B4A-11D0-8D11-00A0C91BC942}") = "LinkedList", "LinkedList\LinkedList.vcxproj", "{03894223-1F72-47F7-9597-FAFE53D76331}"
EndProject
Global
	GlobalSection(SolutionConfigurationPlatforms) = preSolution
		Debug|x64 = Debug|x64
		Debug|x86 = Debug|x86
		Release|x64 = Release|x64
		Release|x86 = Release|x86
	EndGlobalSection
	GlobalSection(ProjectConfigurationPlatforms) = postSolution
		{03894223-1F72-47F7-9597-FAFE53D76331}.Debug|x64.ActiveCfg = Debug|x64
		{03894223-1F72-47F7-9597-FAFE53D76331}.Debug|x64.Build.0 = Debug|x64
		{03894223-1F72-47F7-9597-FAFE53D76331}.Debug|x86.ActiveCfg = Debug|Win32
		{03894223-1F72-47F7-9597-FAFE53D76331}.Debug|x86.Build.0 = Debug|Win32
		{03894223-1F72-47F7-9597-FAFE53D76331}.Release|x64.ActiveCfg = Release|x64
		{03894223-1F72-47F7-9597-FAFE53D76331}.Release|x64.Build.0 = Release|x64
		{03894223-1F72-47F7-9597-FAFE53D76331}.Release|x86.ActiveCfg = Release|Win32
		{03894223-1F72-47F7-9597-FAFE53D76331}.Release|x86.Build.0 = Release|Win32
	EndGlobalSection
	GlobalSection(SolutionProperties) = preSolution
		HideSolutionNode = FALSE
	EndGlobalSection
	GlobalSection(ExtensibilityGlobals) = postSolution
		SolutionGuid = {A7446478-B3F2-4FC0-9C49-C70E4853F94A}
	EndGlobalSection
EndGlobal
